
Microsoft Visual Studio Solution File, Format Version 12.00
# Visual Studio Version 16
VisualStudioVersion = 16.0.31105.61
MinimumVisualStudioVersion = 10.0.40219.1
Project("{9A19103F-16F7-4668-BE54-9A1E7A4F7556}") = "BlazorButton", "BlazorButton\BlazorButton.csproj", "{A2678468-14CB-4666-9927-AE8B3596AD1F}"
EndProject
Global
	GlobalSection(SolutionConfigurationPlatforms) = preSolution
		Debug|Any CPU = Debug|Any CPU
		Release|Any CPU = Release|Any CPU
	EndGlobalSection
	GlobalSection(ProjectConfigurationPlatforms) = postSolution
		{A2678468-14CB-4666-9927-AE8B3596AD1F}.Debug|Any CPU.ActiveCfg = Debug|Any CPU
		{A2678468-14CB-4666-9927-AE8B3596AD1F}.Debug|Any CPU.Build.0 = Debug|Any CPU
		{A2678468-14CB-4666-9927-AE8B3596AD1F}.Release|Any CPU.ActiveCfg = Release|Any CPU
		{A2678468-14CB-4666-9927-AE8B3596AD1F}.Release|Any CPU.Build.0 = Release|Any CPU
	EndGlobalSection
	GlobalSection(SolutionProperties) = preSolution
		HideSolutionNode = FALSE
	EndGlobalSection
	GlobalSection(ExtensibilityGlobals) = postSolution
		SolutionGuid = {025FF2A4-BDFF-46DF-9E49-0364B4E3F5C5}
	EndGlobalSection
EndGlobal
